
Microsoft Visual Studio Solution File, Format Version 12.00
# Visual Studio Version 16
VisualStudioVersion = 16.0.30503.244
MinimumVisualStudioVersion = 10.0.40219.1
Project("{FAE04EC0-301F-11D3-BF4B-00C04F79EFBC}") = "WpfApp1", "WpfApp1\WpfApp1.csproj", "{B5054E23-F174-450C-A6EB-6ED8627C7C99}"
EndProject
Global
	GlobalSection(SolutionConfigurationPlatforms) = preSolution
		Debug|Any CPU = Debug|Any CPU
		Release|Any CPU = Release|Any CPU
	EndGlobalSection
	GlobalSection(ProjectConfigurationPlatforms) = postSolution
		{B5054E23-F174-450C-A6EB-6ED8627C7C99}.Debug|Any CPU.ActiveCfg = Debug|Any CPU
		{B5054E23-F174-450C-A6EB-6ED8627C7C99}.Debug|Any CPU.Build.0 = Debug|Any CPU
		{B5054E23-F174-450C-A6EB-6ED8627C7C99}.Release|Any CPU.ActiveCfg = Release|Any CPU
		{B5054E23-F174-450C-A6EB-6ED8627C7C99}.Release|Any CPU.Build.0 = Release|Any CPU
	EndGlobalSection
	GlobalSection(SolutionProperties) = preSolution
		HideSolutionNode = FALSE
	EndGlobalSection
	GlobalSection(ExtensibilityGlobals) = postSolution
		SolutionGuid = {F02F5BAB-C5B2-465F-81AA-1BA1DF76BCC0}
	EndGlobalSection
EndGlobal
